
Microsoft Visual Studio Solution File, Format Version 12.00
# Visual Studio Version 17
VisualStudioVersion = 17.11.35219.272
MinimumVisualStudioVersion = 10.0.40219.1
Project("{FAE04EC0-301F-11D3-BF4B-00C04F79EFBC}") = "Portafolio", "Portafolio\Portafolio.csproj", "{8C6407DA-2567-4C1F-B90B-4725C879A223}"
EndProject
Global
	GlobalSection(SolutionConfigurationPlatforms) = preSolution
		Debug|Any CPU = Debug|Any CPU
		Release|Any CPU = Release|Any CPU
	EndGlobalSection
	GlobalSection(ProjectConfigurationPlatforms) = postSolution
		{8C6407DA-2567-4C1F-B90B-4725C879A223}.Debug|Any CPU.ActiveCfg = Debug|Any CPU
		{8C6407DA-2567-4C1F-B90B-4725C879A223}.Debug|Any CPU.Build.0 = Debug|Any CPU
		{8C6407DA-2567-4C1F-B90B-4725C879A223}.Release|Any CPU.ActiveCfg = Release|Any CPU
		{8C6407DA-2567-4C1F-B90B-4725C879A223}.Release|Any CPU.Build.0 = Release|Any CPU
	EndGlobalSection
	GlobalSection(SolutionProperties) = preSolution
		HideSolutionNode = FALSE
	EndGlobalSection
	GlobalSection(ExtensibilityGlobals) = postSolution
		SolutionGuid = {802A135F-ED21-4BE2-9736-AF0E41793054}
	EndGlobalSection
EndGlobal
